
Microsoft Visual Studio Solution File, Format Version 12.00
# Visual Studio Version 17
VisualStudioVersion = 17.5.002.0
MinimumVisualStudioVersion = 10.0.40219.1
Project("{9A19103F-16F7-4668-BE54-9A1E7A4F7556}") = "ShoppyMcShopFace", "ShoppyMcShopFace.csproj", "{9F387546-4E0C-4D57-87F8-6671DA48722C}"
EndProject
Global
	GlobalSection(SolutionConfigurationPlatforms) = preSolution
		Debug|Any CPU = Debug|Any CPU
		Release|Any CPU = Release|Any CPU
	EndGlobalSection
	GlobalSection(ProjectConfigurationPlatforms) = postSolution
		{9F387546-4E0C-4D57-87F8-6671DA48722C}.Debug|Any CPU.ActiveCfg = Debug|Any CPU
		{9F387546-4E0C-4D57-87F8-6671DA48722C}.Debug|Any CPU.Build.0 = Debug|Any CPU
		{9F387546-4E0C-4D57-87F8-6671DA48722C}.Release|Any CPU.ActiveCfg = Release|Any CPU
		{9F387546-4E0C-4D57-87F8-6671DA48722C}.Release|Any CPU.Build.0 = Release|Any CPU
	EndGlobalSection
	GlobalSection(SolutionProperties) = preSolution
		HideSolutionNode = FALSE
	EndGlobalSection
	GlobalSection(ExtensibilityGlobals) = postSolution
		SolutionGuid = {CE259CD5-A78F-4B97-805E-CB80009A1AE0}
	EndGlobalSection
EndGlobal
